
Microsoft Visual Studio Solution File, Format Version 12.00
# Visual Studio 14
VisualStudioVersion = 14.0.25123.0
MinimumVisualStudioVersion = 10.0.40219.1
Project("{FAE04EC0-301F-11D3-BF4B-00C04F79EFBC}") = "WindowsFormsApplication1", "WindowsFormsApplication1\WindowsFormsApplication1.csproj", "{E2E1C3D7-5DB4-4214-9DE0-55B53E42865B}"
EndProject
Global
	GlobalSection(SolutionConfigurationPlatforms) = preSolution
		Debug|Any CPU = Debug|Any CPU
		Release|Any CPU = Release|Any CPU
	EndGlobalSection
	GlobalSection(ProjectConfigurationPlatforms) = postSolution
		{E2E1C3D7-5DB4-4214-9DE0-55B53E42865B}.Debug|Any CPU.ActiveCfg = Debug|Any CPU
		{E2E1C3D7-5DB4-4214-9DE0-55B53E42865B}.Debug|Any CPU.Build.0 = Debug|Any CPU
		{E2E1C3D7-5DB4-4214-9DE0-55B53E42865B}.Release|Any CPU.ActiveCfg = Release|Any CPU
		{E2E1C3D7-5DB4-4214-9DE0-55B53E42865B}.Release|Any CPU.Build.0 = Release|Any CPU
	EndGlobalSection
	GlobalSection(SolutionProperties) = preSolution
		HideSolutionNode = FALSE
	EndGlobalSection
EndGlobal
