<?xml version="1.0" encoding="utf-8"?>
<Project ToolsVersion="4.0" xmlns="http://schemas.microsoft.com/developer/msbuild/2003">
  <ItemGroup>
    <Filter Include="Source Files">
      <UniqueIdentifier>{4FC737F1-C7A5-4376-A066-2A32D752A2FF}</UniqueIdentifier>
      <Extensions>cpp;c;cc;cxx;def;odl;idl;hpj;bat;asm;asmx</Extensions>
    </Filter>
    <Filter Include="Header Files">
      <UniqueIdentifier>{93995380-89BD-4b04-88EB-625FBE52EBFB}</UniqueIdentifier>
      <Extensions>h;hpp;hxx;hm;inl;inc;xsd</Extensions>
    </Filter>
    <Filter Include="Resource Files">
      <UniqueIdentifier>{67DA6AB6-F800-4c08-8B7A-83BB121AAD01}</UniqueIdentifier>
      <Extensions>rc;ico;cur;bmp;dlg;rc2;rct;bin;rgs;gif;jpg;jpeg;jpe;resx;tiff;tif;png;wav;mfcribbon-ms</Extensions>
    </Filter>
    <Filter Include="Header Files\World">
      <UniqueIdentifier>{ea065fd1-fb7a-41b3-8ac3-7e56437452dd}</UniqueIdentifier>
    </Filter>
    <Filter Include="Source Files\World">
      <UniqueIdentifier>{82ba3a84-df43-430f-a277-b2a27dca3484}</UniqueIdentifier>
    </Filter>
    <Filter Include="Header Files\Utilities">
      <UniqueIdentifier>{d0c103d0-8fdd-4828-b596-48fb8ed44e60}</UniqueIdentifier>
    </Filter>
    <Filter Include="Source Files\Utilities">
      <UniqueIdentifier>{01ea4ddd-d2a8-4da1-b8a5-97dbcf4f2adc}</UniqueIdentifier>
    </Filter>
    <Filter Include="Header Files\Utilities\CollisionDetection">
      <UniqueIdentifier>{eb9e5cca-7e1e-43c4-ab95-b75619b8c2c2}</UniqueIdentifier>
    </Filter>
    <Filter Include="Source Files\Utilities\CollisionDetection">
      <UniqueIdentifier>{f0eef265-539f-422a-826d-3ea7c23d1dc5}</UniqueIdentifier>
    </Filter>
  </ItemGroup>
  <ItemGroup>
    <ClInclude Include="stdafx.h">
      <Filter>Header Files</Filter>
    </ClInclude>
    <ClInclude Include="targetver.h">
      <Filter>Header Files</Filter>
    </ClInclude>
    <ClInclude Include="GKiW_Lab6.h">
      <Filter>Header Files</Filter>
    </ClInclude>
    <ClInclude Include="SceneObject.h">
      <Filter>Header Files\World</Filter>
    </ClInclude>
    <ClInclude Include="..\3rd_party\bitmap\Bitmap.h">
      <Filter>Header Files\Utilities</Filter>
    </ClInclude>
    <ClInclude Include="Texture.h">
      <Filter>Header Files\Utilities</Filter>
    </ClInclude>
    <ClInclude Include="Skydome.h">
      <Filter>Header Files\World</Filter>
    </ClInclude>
    <ClInclude Include="Vec3.h">
      <Filter>Header Files\Utilities</Filter>
    </ClInclude>
    <ClInclude Include="Terrain.h">
      <Filter>Header Files\World</Filter>
    </ClInclude>
    <ClInclude Include="Scene.h">
      <Filter>Header Files\World</Filter>
    </ClInclude>
    <ClInclude Include="Player.h">
      <Filter>Header Files\Utilities</Filter>
    </ClInclude>
    <ClInclude Include="Wall.h">
      <Filter>Header Files\World</Filter>
    </ClInclude>
    <ClInclude Include="Collision.h">
      <Filter>Header Files\Utilities\CollisionDetection</Filter>
    </ClInclude>
    <ClInclude Include="CollisionEllipsoid.h">
      <Filter>Header Files\Utilities\CollisionDetection</Filter>
    </ClInclude>
    <ClInclude Include="CollisionPlane.h">
      <Filter>Header Files\Utilities\CollisionDetection</Filter>
    </ClInclude>
    <ClInclude Include="CollisionPolygon.h">
      <Filter>Header Files\Utilities\CollisionDetection</Filter>
    </ClInclude>
    <ClInclude Include="CollisionDetection.h">
      <Filter>Header Files\Utilities\CollisionDetection</Filter>
    </ClInclude>
  </ItemGroup>
  <ItemGroup>
    <ClCompile Include="stdafx.cpp">
      <Filter>Source Files</Filter>
    </ClCompile>
    <ClCompile Include="GKiW_Lab6.cpp">
      <Filter>Source Files</Filter>
    </ClCompile>
    <ClCompile Include="SceneObject.cpp">
      <Filter>Source Files\World</Filter>
    </ClCompile>
    <ClCompile Include="..\3rd_party\bitmap\Bitmap.cpp">
      <Filter>Source Files\Utilities</Filter>
    </ClCompile>
    <ClCompile Include="Texture.cpp">
      <Filter>Source Files\Utilities</Filter>
    </ClCompile>
    <ClCompile Include="Skydome.cpp">
      <Filter>Source Files\World</Filter>
    </ClCompile>
    <ClCompile Include="Terrain.cpp">
      <Filter>Source Files\World</Filter>
    </ClCompile>
    <ClCompile Include="Scene.cpp">
      <Filter>Source Files\World</Filter>
    </ClCompile>
    <ClCompile Include="Wall.cpp">
      <Filter>Source Files\World</Filter>
    </ClCompile>
    <ClCompile Include="CollisionDetection.cpp">
      <Filter>Source Files\Utilities\CollisionDetection</Filter>
    </ClCompile>
    <ClCompile Include="CollisionPolygon.cpp">
      <Filter>Source Files\Utilities\CollisionDetection</Filter>
    </ClCompile>
  </ItemGroup>
  <ItemGroup>
    <None Include="Resources\Grass.bmp">
      <Filter>Resource Files</Filter>
    </None>
    <None Include="Resources\Skydome.bmp">
      <Filter>Resource Files</Filter>
    </None>
    <None Include="Resources\Box.bmp">
      <Filter>Resource Files</Filter>
    </None>
  </ItemGroup>
</Project>