
Microsoft Visual Studio Solution File, Format Version 10.00
# Visual Studio 2008
Project("{8BC9CEB8-8B4A-11D0-8D11-00A0C91BC942}") = "Kamera", "Kamera\Kamera.vcproj", "{334B6070-B0B3-4AA4-B738-8806821E1BD9}"
EndProject
Global
	GlobalSection(SolutionConfigurationPlatforms) = preSolution
		Debug|Win32 = Debug|Win32
		Release|Win32 = Release|Win32
	EndGlobalSection
	GlobalSection(ProjectConfigurationPlatforms) = postSolution
		{334B6070-B0B3-4AA4-B738-8806821E1BD9}.Debug|Win32.ActiveCfg = Debug|Win32
		{334B6070-B0B3-4AA4-B738-8806821E1BD9}.Debug|Win32.Build.0 = Debug|Win32
		{334B6070-B0B3-4AA4-B738-8806821E1BD9}.Release|Win32.ActiveCfg = Release|Win32
		{334B6070-B0B3-4AA4-B738-8806821E1BD9}.Release|Win32.Build.0 = Release|Win32
	EndGlobalSection
	GlobalSection(SolutionProperties) = preSolution
		HideSolutionNode = FALSE
	EndGlobalSection
EndGlobal
