
Microsoft Visual Studio Solution File, Format Version 10.00
# Visual Studio 2008
Project("{8BC9CEB8-8B4A-11D0-8D11-00A0C91BC942}") = "joystick2", "joystick2\joystick2.vcproj", "{9302EEE3-39C3-40DF-8539-522458FCC161}"
EndProject
Global
	GlobalSection(SolutionConfigurationPlatforms) = preSolution
		Debug|Win32 = Debug|Win32
		Release|Win32 = Release|Win32
	EndGlobalSection
	GlobalSection(ProjectConfigurationPlatforms) = postSolution
		{9302EEE3-39C3-40DF-8539-522458FCC161}.Debug|Win32.ActiveCfg = Debug|Win32
		{9302EEE3-39C3-40DF-8539-522458FCC161}.Debug|Win32.Build.0 = Debug|Win32
		{9302EEE3-39C3-40DF-8539-522458FCC161}.Release|Win32.ActiveCfg = Release|Win32
		{9302EEE3-39C3-40DF-8539-522458FCC161}.Release|Win32.Build.0 = Release|Win32
	EndGlobalSection
	GlobalSection(SolutionProperties) = preSolution
		HideSolutionNode = FALSE
	EndGlobalSection
EndGlobal
